
Microsoft Visual Studio Solution File, Format Version 12.00
# Visual Studio Version 17
VisualStudioVersion = 17.1.32407.343
MinimumVisualStudioVersion = 10.0.40219.1
Project("{FAE04EC0-301F-11D3-BF4B-00C04F79EFBC}") = "Lesson4", "Lesson4\Lesson4.csproj", "{DEE1EDF4-DE25-45F7-B871-EE580F875D16}"
EndProject
Project("{FAE04EC0-301F-11D3-BF4B-00C04F79EFBC}") = "GBcool", "GBcool\GBcool.csproj", "{0A006F7D-F9B1-43F4-A27F-0E4F558186B8}"
EndProject
Global
	GlobalSection(SolutionConfigurationPlatforms) = preSolution
		Debug|Any CPU = Debug|Any CPU
		Release|Any CPU = Release|Any CPU
	EndGlobalSection
	GlobalSection(ProjectConfigurationPlatforms) = postSolution
		{DEE1EDF4-DE25-45F7-B871-EE580F875D16}.Debug|Any CPU.ActiveCfg = Debug|Any CPU
		{DEE1EDF4-DE25-45F7-B871-EE580F875D16}.Debug|Any CPU.Build.0 = Debug|Any CPU
		{DEE1EDF4-DE25-45F7-B871-EE580F875D16}.Release|Any CPU.ActiveCfg = Release|Any CPU
		{DEE1EDF4-DE25-45F7-B871-EE580F875D16}.Release|Any CPU.Build.0 = Release|Any CPU
		{0A006F7D-F9B1-43F4-A27F-0E4F558186B8}.Debug|Any CPU.ActiveCfg = Debug|Any CPU
		{0A006F7D-F9B1-43F4-A27F-0E4F558186B8}.Debug|Any CPU.Build.0 = Debug|Any CPU
		{0A006F7D-F9B1-43F4-A27F-0E4F558186B8}.Release|Any CPU.ActiveCfg = Release|Any CPU
		{0A006F7D-F9B1-43F4-A27F-0E4F558186B8}.Release|Any CPU.Build.0 = Release|Any CPU
	EndGlobalSection
	GlobalSection(SolutionProperties) = preSolution
		HideSolutionNode = FALSE
	EndGlobalSection
	GlobalSection(ExtensibilityGlobals) = postSolution
		SolutionGuid = {7718B331-E636-45F9-AC16-11ECE0F983A1}
	EndGlobalSection
EndGlobal
